
Microsoft Visual Studio Solution File, Format Version 12.00
# Visual Studio Version 17
VisualStudioVersion = 17.5.33530.505
MinimumVisualStudioVersion = 15.0.26124.0
Project("{9A19103F-16F7-4668-BE54-9A1E7A4F7556}") = "ReportsOcrAndSearch.Objects", "Objects\ReportsOcrAndSearch.Objects.csproj", "{0F0C68A4-1608-4151-9D30-EDD7DCB27D77}"
EndProject
Project("{9A19103F-16F7-4668-BE54-9A1E7A4F7556}") = "ReportsOcrAndSearch.ODataBackend", "ODataBackend\ReportsOcrAndSearch.ODataBackend.csproj", "{281A6D6E-B654-4072-BB62-473C4A61A333}"
EndProject
Project("{9A19103F-16F7-4668-BE54-9A1E7A4F7556}") = "ReportsOcrAndSearch.OcrService", "OcrService\ReportsOcrAndSearch.OcrService.csproj", "{46BC0622-272F-47B5-B9DF-8DC6594949CC}"
EndProject
Project("{FAE04EC0-301F-11D3-BF4B-00C04F79EFBC}") = "ReportsOcrAndSearch.ElasticsearchService", "ElasticsearchService\ReportsOcrAndSearch.ElasticsearchService.csproj", "{D567625F-AD19-433D-9F70-E63747B47223}"
EndProject
Global
	GlobalSection(SolutionConfigurationPlatforms) = preSolution
		Debug|Any CPU = Debug|Any CPU
		Release|Any CPU = Release|Any CPU
	EndGlobalSection
	GlobalSection(ProjectConfigurationPlatforms) = postSolution
		{0F0C68A4-1608-4151-9D30-EDD7DCB27D77}.Debug|Any CPU.ActiveCfg = Debug|Any CPU
		{0F0C68A4-1608-4151-9D30-EDD7DCB27D77}.Debug|Any CPU.Build.0 = Debug|Any CPU
		{0F0C68A4-1608-4151-9D30-EDD7DCB27D77}.Release|Any CPU.ActiveCfg = Release|Any CPU
		{0F0C68A4-1608-4151-9D30-EDD7DCB27D77}.Release|Any CPU.Build.0 = Release|Any CPU
		{281A6D6E-B654-4072-BB62-473C4A61A333}.Debug|Any CPU.ActiveCfg = Debug|Any CPU
		{281A6D6E-B654-4072-BB62-473C4A61A333}.Debug|Any CPU.Build.0 = Debug|Any CPU
		{281A6D6E-B654-4072-BB62-473C4A61A333}.Release|Any CPU.ActiveCfg = Release|Any CPU
		{281A6D6E-B654-4072-BB62-473C4A61A333}.Release|Any CPU.Build.0 = Release|Any CPU
		{46BC0622-272F-47B5-B9DF-8DC6594949CC}.Debug|Any CPU.ActiveCfg = Debug|Any CPU
		{46BC0622-272F-47B5-B9DF-8DC6594949CC}.Debug|Any CPU.Build.0 = Debug|Any CPU
		{46BC0622-272F-47B5-B9DF-8DC6594949CC}.Release|Any CPU.ActiveCfg = Release|Any CPU
		{46BC0622-272F-47B5-B9DF-8DC6594949CC}.Release|Any CPU.Build.0 = Release|Any CPU
		{D567625F-AD19-433D-9F70-E63747B47223}.Debug|Any CPU.ActiveCfg = Debug|Any CPU
		{D567625F-AD19-433D-9F70-E63747B47223}.Debug|Any CPU.Build.0 = Debug|Any CPU
		{D567625F-AD19-433D-9F70-E63747B47223}.Release|Any CPU.ActiveCfg = Release|Any CPU
		{D567625F-AD19-433D-9F70-E63747B47223}.Release|Any CPU.Build.0 = Release|Any CPU
	EndGlobalSection
	GlobalSection(SolutionProperties) = preSolution
		HideSolutionNode = FALSE
	EndGlobalSection
	GlobalSection(ExtensibilityGlobals) = postSolution
		SolutionGuid = {E5445BE4-221D-40A5-8239-ECDD84BDE399}
	EndGlobalSection
EndGlobal
